
Microsoft Visual Studio Solution File, Format Version 12.00
# Visual Studio Version 16
VisualStudioVersion = 16.0.30907.101
MinimumVisualStudioVersion = 10.0.40219.1
Project("{9A19103F-16F7-4668-BE54-9A1E7A4F7556}") = "KampIntro", "KampIntro\KampIntro.csproj", "{FC04FAAF-7AE9-4AC4-9033-8BFD6BF1CEA5}"
EndProject
Project("{9A19103F-16F7-4668-BE54-9A1E7A4F7556}") = "Donguler", "Donguler\Donguler.csproj", "{8DD1C22D-3BBE-4FE4-8A2F-1F1ECBC884CC}"
EndProject
Project("{9A19103F-16F7-4668-BE54-9A1E7A4F7556}") = "ClassIntro", "ClassIntro\ClassIntro.csproj", "{D61D2D8A-8F71-4A31-B0F4-19529FB16543}"
EndProject
Project("{9A19103F-16F7-4668-BE54-9A1E7A4F7556}") = "WorkBook", "WorkBook\WorkBook.csproj", "{1AC5E6F1-E9A8-45D1-9B03-D90B971F1FE8}"
EndProject
Project("{9A19103F-16F7-4668-BE54-9A1E7A4F7556}") = "Metotlar", "Metotlar\Metotlar.csproj", "{3D6A68E9-1E66-42D7-97BC-8D03CA4A4A70}"
EndProject
Project("{9A19103F-16F7-4668-BE54-9A1E7A4F7556}") = "Matematik", "Matematik\Matematik.csproj", "{2CD6544F-6241-44A7-B422-A70331738ED8}"
EndProject
Project("{9A19103F-16F7-4668-BE54-9A1E7A4F7556}") = "DegerveReferansTipler", "DegerveReferansTipler\DegerveReferansTipler.csproj", "{F64B2B0A-1BD7-4E12-9064-7AC4B496FE04}"
EndProject
Project("{9A19103F-16F7-4668-BE54-9A1E7A4F7556}") = "OOP1", "OOP1\OOP1.csproj", "{4751F118-0070-48E6-AA5C-E0FD8497E2B4}"
EndProject
Project("{9A19103F-16F7-4668-BE54-9A1E7A4F7556}") = "Collections", "Collections\Collections.csproj", "{9ABA0A9C-569F-44B2-BF46-C9C0B8A1FEC6}"
EndProject
Project("{9A19103F-16F7-4668-BE54-9A1E7A4F7556}") = "GenericsIntro", "GenericsIntro\GenericsIntro.csproj", "{4BBE7680-F289-4BC4-85B3-F6405DFD7074}"
EndProject
Project("{9A19103F-16F7-4668-BE54-9A1E7A4F7556}") = "2101260030 ReferansTiplerWorkbook", "Workbook2\2101260030 ReferansTiplerWorkbook.csproj", "{059B4F78-AA11-425A-9A9D-70C3C36FD130}"
EndProject
Project("{9A19103F-16F7-4668-BE54-9A1E7A4F7556}") = "2101260100 ConstructorWorkbook", "ConstructorWorkbook\2101260100 ConstructorWorkbook.csproj", "{AB7D6E13-B873-443E-925F-6C79BA45773A}"
EndProject
Project("{9A19103F-16F7-4668-BE54-9A1E7A4F7556}") = "2101260130 GenericsIntro", "2101260130 GenericsIntro\2101260130 GenericsIntro.csproj", "{2083BE29-50A4-4D91-9AF9-1A7E6BCD7B5B}"
EndProject
Project("{FAE04EC0-301F-11D3-BF4B-00C04F79EFBC}") = "2101262230 Oop2", "2101262230 Oop2\2101262230 Oop2.csproj", "{808B2DF7-1517-4D00-9D2B-734715F7D44F}"
EndProject
Project("{FAE04EC0-301F-11D3-BF4B-00C04F79EFBC}") = "2101262300 OOP3", "2101262300OOP3\2101262300 OOP3.csproj", "{2A8CC57B-7EA4-4030-AD35-FD44FE1CF233}"
EndProject
Global
	GlobalSection(SolutionConfigurationPlatforms) = preSolution
		Debug|Any CPU = Debug|Any CPU
		Release|Any CPU = Release|Any CPU
	EndGlobalSection
	GlobalSection(ProjectConfigurationPlatforms) = postSolution
		{FC04FAAF-7AE9-4AC4-9033-8BFD6BF1CEA5}.Debug|Any CPU.ActiveCfg = Debug|Any CPU
		{FC04FAAF-7AE9-4AC4-9033-8BFD6BF1CEA5}.Debug|Any CPU.Build.0 = Debug|Any CPU
		{FC04FAAF-7AE9-4AC4-9033-8BFD6BF1CEA5}.Release|Any CPU.ActiveCfg = Release|Any CPU
		{FC04FAAF-7AE9-4AC4-9033-8BFD6BF1CEA5}.Release|Any CPU.Build.0 = Release|Any CPU
		{8DD1C22D-3BBE-4FE4-8A2F-1F1ECBC884CC}.Debug|Any CPU.ActiveCfg = Debug|Any CPU
		{8DD1C22D-3BBE-4FE4-8A2F-1F1ECBC884CC}.Debug|Any CPU.Build.0 = Debug|Any CPU
		{8DD1C22D-3BBE-4FE4-8A2F-1F1ECBC884CC}.Release|Any CPU.ActiveCfg = Release|Any CPU
		{8DD1C22D-3BBE-4FE4-8A2F-1F1ECBC884CC}.Release|Any CPU.Build.0 = Release|Any CPU
		{D61D2D8A-8F71-4A31-B0F4-19529FB16543}.Debug|Any CPU.ActiveCfg = Debug|Any CPU
		{D61D2D8A-8F71-4A31-B0F4-19529FB16543}.Debug|Any CPU.Build.0 = Debug|Any CPU
		{D61D2D8A-8F71-4A31-B0F4-19529FB16543}.Release|Any CPU.ActiveCfg = Release|Any CPU
		{D61D2D8A-8F71-4A31-B0F4-19529FB16543}.Release|Any CPU.Build.0 = Release|Any CPU
		{1AC5E6F1-E9A8-45D1-9B03-D90B971F1FE8}.Debug|Any CPU.ActiveCfg = Debug|Any CPU
		{1AC5E6F1-E9A8-45D1-9B03-D90B971F1FE8}.Debug|Any CPU.Build.0 = Debug|Any CPU
		{1AC5E6F1-E9A8-45D1-9B03-D90B971F1FE8}.Release|Any CPU.ActiveCfg = Release|Any CPU
		{1AC5E6F1-E9A8-45D1-9B03-D90B971F1FE8}.Release|Any CPU.Build.0 = Release|Any CPU
		{3D6A68E9-1E66-42D7-97BC-8D03CA4A4A70}.Debug|Any CPU.ActiveCfg = Debug|Any CPU
		{3D6A68E9-1E66-42D7-97BC-8D03CA4A4A70}.Debug|Any CPU.Build.0 = Debug|Any CPU
		{3D6A68E9-1E66-42D7-97BC-8D03CA4A4A70}.Release|Any CPU.ActiveCfg = Release|Any CPU
		{3D6A68E9-1E66-42D7-97BC-8D03CA4A4A70}.Release|Any CPU.Build.0 = Release|Any CPU
		{2CD6544F-6241-44A7-B422-A70331738ED8}.Debug|Any CPU.ActiveCfg = Debug|Any CPU
		{2CD6544F-6241-44A7-B422-A70331738ED8}.Debug|Any CPU.Build.0 = Debug|Any CPU
		{2CD6544F-6241-44A7-B422-A70331738ED8}.Release|Any CPU.ActiveCfg = Release|Any CPU
		{2CD6544F-6241-44A7-B422-A70331738ED8}.Release|Any CPU.Build.0 = Release|Any CPU
		{F64B2B0A-1BD7-4E12-9064-7AC4B496FE04}.Debug|Any CPU.ActiveCfg = Debug|Any CPU
		{F64B2B0A-1BD7-4E12-9064-7AC4B496FE04}.Debug|Any CPU.Build.0 = Debug|Any CPU
		{F64B2B0A-1BD7-4E12-9064-7AC4B496FE04}.Release|Any CPU.ActiveCfg = Release|Any CPU
		{F64B2B0A-1BD7-4E12-9064-7AC4B496FE04}.Release|Any CPU.Build.0 = Release|Any CPU
		{4751F118-0070-48E6-AA5C-E0FD8497E2B4}.Debug|Any CPU.ActiveCfg = Debug|Any CPU
		{4751F118-0070-48E6-AA5C-E0FD8497E2B4}.Debug|Any CPU.Build.0 = Debug|Any CPU
		{4751F118-0070-48E6-AA5C-E0FD8497E2B4}.Release|Any CPU.ActiveCfg = Release|Any CPU
		{4751F118-0070-48E6-AA5C-E0FD8497E2B4}.Release|Any CPU.Build.0 = Release|Any CPU
		{9ABA0A9C-569F-44B2-BF46-C9C0B8A1FEC6}.Debug|Any CPU.ActiveCfg = Debug|Any CPU
		{9ABA0A9C-569F-44B2-BF46-C9C0B8A1FEC6}.Debug|Any CPU.Build.0 = Debug|Any CPU
		{9ABA0A9C-569F-44B2-BF46-C9C0B8A1FEC6}.Release|Any CPU.ActiveCfg = Release|Any CPU
		{9ABA0A9C-569F-44B2-BF46-C9C0B8A1FEC6}.Release|Any CPU.Build.0 = Release|Any CPU
		{4BBE7680-F289-4BC4-85B3-F6405DFD7074}.Debug|Any CPU.ActiveCfg = Debug|Any CPU
		{4BBE7680-F289-4BC4-85B3-F6405DFD7074}.Debug|Any CPU.Build.0 = Debug|Any CPU
		{4BBE7680-F289-4BC4-85B3-F6405DFD7074}.Release|Any CPU.ActiveCfg = Release|Any CPU
		{4BBE7680-F289-4BC4-85B3-F6405DFD7074}.Release|Any CPU.Build.0 = Release|Any CPU
		{059B4F78-AA11-425A-9A9D-70C3C36FD130}.Debug|Any CPU.ActiveCfg = Debug|Any CPU
		{059B4F78-AA11-425A-9A9D-70C3C36FD130}.Debug|Any CPU.Build.0 = Debug|Any CPU
		{059B4F78-AA11-425A-9A9D-70C3C36FD130}.Release|Any CPU.ActiveCfg = Release|Any CPU
		{059B4F78-AA11-425A-9A9D-70C3C36FD130}.Release|Any CPU.Build.0 = Release|Any CPU
		{AB7D6E13-B873-443E-925F-6C79BA45773A}.Debug|Any CPU.ActiveCfg = Debug|Any CPU
		{AB7D6E13-B873-443E-925F-6C79BA45773A}.Debug|Any CPU.Build.0 = Debug|Any CPU
		{AB7D6E13-B873-443E-925F-6C79BA45773A}.Release|Any CPU.ActiveCfg = Release|Any CPU
		{AB7D6E13-B873-443E-925F-6C79BA45773A}.Release|Any CPU.Build.0 = Release|Any CPU
		{2083BE29-50A4-4D91-9AF9-1A7E6BCD7B5B}.Debug|Any CPU.ActiveCfg = Debug|Any CPU
		{2083BE29-50A4-4D91-9AF9-1A7E6BCD7B5B}.Debug|Any CPU.Build.0 = Debug|Any CPU
		{2083BE29-50A4-4D91-9AF9-1A7E6BCD7B5B}.Release|Any CPU.ActiveCfg = Release|Any CPU
		{2083BE29-50A4-4D91-9AF9-1A7E6BCD7B5B}.Release|Any CPU.Build.0 = Release|Any CPU
		{808B2DF7-1517-4D00-9D2B-734715F7D44F}.Debug|Any CPU.ActiveCfg = Debug|Any CPU
		{808B2DF7-1517-4D00-9D2B-734715F7D44F}.Debug|Any CPU.Build.0 = Debug|Any CPU
		{808B2DF7-1517-4D00-9D2B-734715F7D44F}.Release|Any CPU.ActiveCfg = Release|Any CPU
		{808B2DF7-1517-4D00-9D2B-734715F7D44F}.Release|Any CPU.Build.0 = Release|Any CPU
		{2A8CC57B-7EA4-4030-AD35-FD44FE1CF233}.Debug|Any CPU.ActiveCfg = Debug|Any CPU
		{2A8CC57B-7EA4-4030-AD35-FD44FE1CF233}.Debug|Any CPU.Build.0 = Debug|Any CPU
		{2A8CC57B-7EA4-4030-AD35-FD44FE1CF233}.Release|Any CPU.ActiveCfg = Release|Any CPU
		{2A8CC57B-7EA4-4030-AD35-FD44FE1CF233}.Release|Any CPU.Build.0 = Release|Any CPU
	EndGlobalSection
	GlobalSection(SolutionProperties) = preSolution
		HideSolutionNode = FALSE
	EndGlobalSection
	GlobalSection(ExtensibilityGlobals) = postSolution
		SolutionGuid = {12C8B962-7EEC-408E-BB9D-C1239955A939}
	EndGlobalSection
EndGlobal
